// !$*UTF8*$!
{
	archiveVersion = 1;
	classes = {
	};
	objectVersion = 50;
	objects = {

/* Begin PBXBuildFile section */
		022F226D21FBFD5A00D31C4A /* CNJVideoViewModel.m in Sources */ = {isa = PBXBuildFile; fileRef = 022F226C21FBFD5A00D31C4A /* CNJVideoViewModel.m */; };
		022F227021FBFD6A00D31C4A /* CNJVideoModel.m in Sources */ = {isa = PBXBuildFile; fileRef = 022F226F21FBFD6A00D31C4A /* CNJVideoModel.m */; };
		022F227321FBFD7F00D31C4A /* CNJPlayView.m in Sources */ = {isa = PBXBuildFile; fileRef = 022F227221FBFD7F00D31C4A /* CNJPlayView.m */; };
		022F227621FBFD9600D31C4A /* CNJScrollView.m in Sources */ = {isa = PBXBuildFile; fileRef = 022F227521FBFD9600D31C4A /* CNJScrollView.m */; };
		0249678C21FBFAF100F7CC1D /* AppDelegate.m in Sources */ = {isa = PBXBuildFile; fileRef = 0249678B21FBFAF100F7CC1D /* AppDelegate.m */; };
		0249679421FBFAF200F7CC1D /* Assets.xcassets in Resources */ = {isa = PBXBuildFile; fileRef = 0249679321FBFAF200F7CC1D /* Assets.xcassets */; };
		0249679721FBFAF200F7CC1D /* LaunchScreen.storyboard in Resources */ = {isa = PBXBuildFile; fileRef = 0249679521FBFAF200F7CC1D /* LaunchScreen.storyboard */; };
		0249679A21FBFAF200F7CC1D /* main.m in Sources */ = {isa = PBXBuildFile; fileRef = 0249679921FBFAF200F7CC1D /* main.m */; };
		024967A421FBFAF200F7CC1D /* CNJVideoViewTests.m in Sources */ = {isa = PBXBuildFile; fileRef = 024967A321FBFAF200F7CC1D /* CNJVideoViewTests.m */; };
		024967AF21FBFAF200F7CC1D /* CNJVideoViewUITests.m in Sources */ = {isa = PBXBuildFile; fileRef = 024967AE21FBFAF200F7CC1D /* CNJVideoViewUITests.m */; };
		024967BE21FBFB2000F7CC1D /* CNJViewController.m in Sources */ = {isa = PBXBuildFile; fileRef = 024967BD21FBFB2000F7CC1D /* CNJViewController.m */; };
		02C2831B220188D6003E7F43 /* CNJSliderView.m in Sources */ = {isa = PBXBuildFile; fileRef = 02C2831A220188D6003E7F43 /* CNJSliderView.m */; };
		02C2831E22018938003E7F43 /* CNJVideoControlView.m in Sources */ = {isa = PBXBuildFile; fileRef = 02C2831D22018938003E7F43 /* CNJVideoControlView.m */; };
		02C2832122018B58003E7F43 /* CNJPersonalModel.m in Sources */ = {isa = PBXBuildFile; fileRef = 02C2832022018B58003E7F43 /* CNJPersonalModel.m */; };
		02C283252201A79C003E7F43 /* GKNetworking.m in Sources */ = {isa = PBXBuildFile; fileRef = 02C283242201A79B003E7F43 /* GKNetworking.m */; };
		02CB106721FC561C009BB5C8 /* CNJNetworkHelper.m in Sources */ = {isa = PBXBuildFile; fileRef = 02CB106521FC561C009BB5C8 /* CNJNetworkHelper.m */; };
		02CB106A21FEA447009BB5C8 /* CNJVideoCache.m in Sources */ = {isa = PBXBuildFile; fileRef = 02CB106921FEA447009BB5C8 /* CNJVideoCache.m */; };
		02CB106D22014C05009BB5C8 /* CNJSearchViewController.m in Sources */ = {isa = PBXBuildFile; fileRef = 02CB106C22014C05009BB5C8 /* CNJSearchViewController.m */; };
		02CB107022014C1D009BB5C8 /* CNJPeasonalViewController.m in Sources */ = {isa = PBXBuildFile; fileRef = 02CB106F22014C1D009BB5C8 /* CNJPeasonalViewController.m */; };
		02CB107422014D3B009BB5C8 /* CNJVideoPlayer.m in Sources */ = {isa = PBXBuildFile; fileRef = 02CB107322014D3B009BB5C8 /* CNJVideoPlayer.m */; };
		02CB107722015101009BB5C8 /* CNJBaseViewController.m in Sources */ = {isa = PBXBuildFile; fileRef = 02CB107622015101009BB5C8 /* CNJBaseViewController.m */; };
		02CB107A2201519E009BB5C8 /* CNJPlayerViewController.m in Sources */ = {isa = PBXBuildFile; fileRef = 02CB10792201519E009BB5C8 /* CNJPlayerViewController.m */; };
		1B965425406AE293738AB0D8 /* libPods-CNJVideoView.a in Frameworks */ = {isa = PBXBuildFile; fileRef = 02062A9796F8B7286C93436E /* libPods-CNJVideoView.a */; };
/* End PBXBuildFile section */

/* Begin PBXContainerItemProxy section */
		024967A021FBFAF200F7CC1D /* PBXContainerItemProxy */ = {
			isa = PBXContainerItemProxy;
			containerPortal = 0249677F21FBFAF100F7CC1D /* Project object */;
			proxyType = 1;
			remoteGlobalIDString = 0249678621FBFAF100F7CC1D;
			remoteInfo = CNJVideoView;
		};
		024967AB21FBFAF200F7CC1D /* PBXContainerItemProxy */ = {
			isa = PBXContainerItemProxy;
			containerPortal = 0249677F21FBFAF100F7CC1D /* Project object */;
			proxyType = 1;
			remoteGlobalIDString = 0249678621FBFAF100F7CC1D;
			remoteInfo = CNJVideoView;
		};
/* End PBXContainerItemProxy section */

/* Begin PBXFileReference section */
		02062A9796F8B7286C93436E /* libPods-CNJVideoView.a */ = {isa = PBXFileReference; explicitFileType = archive.ar; includeInIndex = 0; path = "libPods-CNJVideoView.a"; sourceTree = BUILT_PRODUCTS_DIR; };
		022F226B21FBFD5A00D31C4A /* CNJVideoViewModel.h */ = {isa = PBXFileReference; lastKnownFileType = sourcecode.c.h; path = CNJVideoViewModel.h; sourceTree = "<group>"; };
		022F226C21FBFD5A00D31C4A /* CNJVideoViewModel.m */ = {isa = PBXFileReference; lastKnownFileType = sourcecode.c.objc; path = CNJVideoViewModel.m; sourceTree = "<group>"; };
		022F226E21FBFD6A00D31C4A /* CNJVideoModel.h */ = {isa = PBXFileReference; lastKnownFileType = sourcecode.c.h; path = CNJVideoModel.h; sourceTree = "<group>"; };
		022F226F21FBFD6A00D31C4A /* CNJVideoModel.m */ = {isa = PBXFileReference; lastKnownFileType = sourcecode.c.objc; path = CNJVideoModel.m; sourceTree = "<group>"; };
		022F227121FBFD7F00D31C4A /* CNJPlayView.h */ = {isa = PBXFileReference; lastKnownFileType = sourcecode.c.h; path = CNJPlayView.h; sourceTree = "<group>"; };
		022F227221FBFD7F00D31C4A /* CNJPlayView.m */ = {isa = PBXFileReference; lastKnownFileType = sourcecode.c.objc; path = CNJPlayView.m; sourceTree = "<group>"; };
		022F227421FBFD9600D31C4A /* CNJScrollView.h */ = {isa = PBXFileReference; lastKnownFileType = sourcecode.c.h; path = CNJScrollView.h; sourceTree = "<group>"; };
		022F227521FBFD9600D31C4A /* CNJScrollView.m */ = {isa = PBXFileReference; lastKnownFileType = sourcecode.c.objc; path = CNJScrollView.m; sourceTree = "<group>"; };
		0249678721FBFAF100F7CC1D /* CNJVideoView.app */ = {isa = PBXFileReference; explicitFileType = wrapper.application; includeInIndex = 0; path = CNJVideoView.app; sourceTree = BUILT_PRODUCTS_DIR; };
		0249678A21FBFAF100F7CC1D /* AppDelegate.h */ = {isa = PBXFileReference; lastKnownFileType = sourcecode.c.h; path = AppDelegate.h; sourceTree = "<group>"; };
		0249678B21FBFAF100F7CC1D /* AppDelegate.m */ = {isa = PBXFileReference; lastKnownFileType = sourcecode.c.objc; path = AppDelegate.m; sourceTree = "<group>"; };
		0249679321FBFAF200F7CC1D /* Assets.xcassets */ = {isa = PBXFileReference; lastKnownFileType = folder.assetcatalog; path = Assets.xcassets; sourceTree = "<group>"; };
		0249679621FBFAF200F7CC1D /* Base */ = {isa = PBXFileReference; lastKnownFileType = file.storyboard; name = Base; path = Base.lproj/LaunchScreen.storyboard; sourceTree = "<group>"; };
		0249679821FBFAF200F7CC1D /* Info.plist */ = {isa = PBXFileReference; lastKnownFileType = text.plist.xml; path = Info.plist; sourceTree = "<group>"; };
		0249679921FBFAF200F7CC1D /* main.m */ = {isa = PBXFileReference; lastKnownFileType = sourcecode.c.objc; path = main.m; sourceTree = "<group>"; };
		0249679F21FBFAF200F7CC1D /* CNJVideoViewTests.xctest */ = {isa = PBXFileReference; explicitFileType = wrapper.cfbundle; includeInIndex = 0; path = CNJVideoViewTests.xctest; sourceTree = BUILT_PRODUCTS_DIR; };
		024967A321FBFAF200F7CC1D /* CNJVideoViewTests.m */ = {isa = PBXFileReference; lastKnownFileType = sourcecode.c.objc; path = CNJVideoViewTests.m; sourceTree = "<group>"; };
		024967A521FBFAF200F7CC1D /* Info.plist */ = {isa = PBXFileReference; lastKnownFileType = text.plist.xml; path = Info.plist; sourceTree = "<group>"; };
		024967AA21FBFAF200F7CC1D /* CNJVideoViewUITests.xctest */ = {isa = PBXFileReference; explicitFileType = wrapper.cfbundle; includeInIndex = 0; path = CNJVideoViewUITests.xctest; sourceTree = BUILT_PRODUCTS_DIR; };
		024967AE21FBFAF200F7CC1D /* CNJVideoViewUITests.m */ = {isa = PBXFileReference; lastKnownFileType = sourcecode.c.objc; path = CNJVideoViewUITests.m; sourceTree = "<group>"; };
		024967B021FBFAF200F7CC1D /* Info.plist */ = {isa = PBXFileReference; lastKnownFileType = text.plist.xml; path = Info.plist; sourceTree = "<group>"; };
		024967BC21FBFB2000F7CC1D /* CNJViewController.h */ = {isa = PBXFileReference; lastKnownFileType = sourcecode.c.h; path = CNJViewController.h; sourceTree = "<group>"; };
		024967BD21FBFB2000F7CC1D /* CNJViewController.m */ = {isa = PBXFileReference; lastKnownFileType = sourcecode.c.objc; path = CNJViewController.m; sourceTree = "<group>"; };
		02C28319220188D6003E7F43 /* CNJSliderView.h */ = {isa = PBXFileReference; lastKnownFileType = sourcecode.c.h; path = CNJSliderView.h; sourceTree = "<group>"; };
		02C2831A220188D6003E7F43 /* CNJSliderView.m */ = {isa = PBXFileReference; lastKnownFileType = sourcecode.c.objc; path = CNJSliderView.m; sourceTree = "<group>"; };
		02C2831C22018938003E7F43 /* CNJVideoControlView.h */ = {isa = PBXFileReference; lastKnownFileType = sourcecode.c.h; path = CNJVideoControlView.h; sourceTree = "<group>"; };
		02C2831D22018938003E7F43 /* CNJVideoControlView.m */ = {isa = PBXFileReference; lastKnownFileType = sourcecode.c.objc; path = CNJVideoControlView.m; sourceTree = "<group>"; };
		02C2831F22018B58003E7F43 /* CNJPersonalModel.h */ = {isa = PBXFileReference; lastKnownFileType = sourcecode.c.h; path = CNJPersonalModel.h; sourceTree = "<group>"; };
		02C2832022018B58003E7F43 /* CNJPersonalModel.m */ = {isa = PBXFileReference; lastKnownFileType = sourcecode.c.objc; path = CNJPersonalModel.m; sourceTree = "<group>"; };
		02C283222201916D003E7F43 /* PrefixHeader.pch */ = {isa = PBXFileReference; lastKnownFileType = sourcecode.c.h; path = PrefixHeader.pch; sourceTree = "<group>"; };
		02C283232201A79B003E7F43 /* GKNetworking.h */ = {isa = PBXFileReference; fileEncoding = 4; lastKnownFileType = sourcecode.c.h; path = GKNetworking.h; sourceTree = "<group>"; };
		02C283242201A79B003E7F43 /* GKNetworking.m */ = {isa = PBXFileReference; fileEncoding = 4; lastKnownFileType = sourcecode.c.objc; path = GKNetworking.m; sourceTree = "<group>"; };
		02CB106521FC561C009BB5C8 /* CNJNetworkHelper.m */ = {isa = PBXFileReference; fileEncoding = 4; lastKnownFileType = sourcecode.c.objc; path = CNJNetworkHelper.m; sourceTree = "<group>"; };
		02CB106621FC561C009BB5C8 /* CNJNetworkHelper.h */ = {isa = PBXFileReference; fileEncoding = 4; lastKnownFileType = sourcecode.c.h; path = CNJNetworkHelper.h; sourceTree = "<group>"; };
		02CB106821FEA447009BB5C8 /* CNJVideoCache.h */ = {isa = PBXFileReference; lastKnownFileType = sourcecode.c.h; path = CNJVideoCache.h; sourceTree = "<group>"; };
		02CB106921FEA447009BB5C8 /* CNJVideoCache.m */ = {isa = PBXFileReference; lastKnownFileType = sourcecode.c.objc; path = CNJVideoCache.m; sourceTree = "<group>"; };
		02CB106B22014C05009BB5C8 /* CNJSearchViewController.h */ = {isa = PBXFileReference; lastKnownFileType = sourcecode.c.h; path = CNJSearchViewController.h; sourceTree = "<group>"; };
		02CB106C22014C05009BB5C8 /* CNJSearchViewController.m */ = {isa = PBXFileReference; lastKnownFileType = sourcecode.c.objc; path = CNJSearchViewController.m; sourceTree = "<group>"; };
		02CB106E22014C1D009BB5C8 /* CNJPeasonalViewController.h */ = {isa = PBXFileReference; lastKnownFileType = sourcecode.c.h; path = CNJPeasonalViewController.h; sourceTree = "<group>"; };
		02CB106F22014C1D009BB5C8 /* CNJPeasonalViewController.m */ = {isa = PBXFileReference; lastKnownFileType = sourcecode.c.objc; path = CNJPeasonalViewController.m; sourceTree = "<group>"; };
		02CB107222014D3B009BB5C8 /* CNJVideoPlayer.h */ = {isa = PBXFileReference; lastKnownFileType = sourcecode.c.h; path = CNJVideoPlayer.h; sourceTree = "<group>"; };
		02CB107322014D3B009BB5C8 /* CNJVideoPlayer.m */ = {isa = PBXFileReference; lastKnownFileType = sourcecode.c.objc; path = CNJVideoPlayer.m; sourceTree = "<group>"; };
		02CB107522015101009BB5C8 /* CNJBaseViewController.h */ = {isa = PBXFileReference; lastKnownFileType = sourcecode.c.h; path = CNJBaseViewController.h; sourceTree = "<group>"; };
		02CB107622015101009BB5C8 /* CNJBaseViewController.m */ = {isa = PBXFileReference; lastKnownFileType = sourcecode.c.objc; path = CNJBaseViewController.m; sourceTree = "<group>"; };
		02CB10782201519E009BB5C8 /* CNJPlayerViewController.h */ = {isa = PBXFileReference; lastKnownFileType = sourcecode.c.h; path = CNJPlayerViewController.h; sourceTree = "<group>"; };
		02CB10792201519E009BB5C8 /* CNJPlayerViewController.m */ = {isa = PBXFileReference; lastKnownFileType = sourcecode.c.objc; path = CNJPlayerViewController.m; sourceTree = "<group>"; };
		09455F4110D510FC41BC2AA4 /* Pods-CNJVideoView.release.xcconfig */ = {isa = PBXFileReference; includeInIndex = 1; lastKnownFileType = text.xcconfig; name = "Pods-CNJVideoView.release.xcconfig"; path = "Pods/Target Support Files/Pods-CNJVideoView/Pods-CNJVideoView.release.xcconfig"; sourceTree = "<group>"; };
		7E4F4F6BD54306AA9F8282FB /* Pods-CNJVideoView.debug.xcconfig */ = {isa = PBXFileReference; includeInIndex = 1; lastKnownFileType = text.xcconfig; name = "Pods-CNJVideoView.debug.xcconfig"; path = "Pods/Target Support Files/Pods-CNJVideoView/Pods-CNJVideoView.debug.xcconfig"; sourceTree = "<group>"; };
/* End PBXFileReference section */

/* Begin PBXFrameworksBuildPhase section */
		0249678421FBFAF100F7CC1D /* Frameworks */ = {
			isa = PBXFrameworksBuildPhase;
			buildActionMask = 2147483647;
			files = (
				1B965425406AE293738AB0D8 /* libPods-CNJVideoView.a in Frameworks */,
			);
			runOnlyForDeploymentPostprocessing = 0;
		};
		0249679C21FBFAF200F7CC1D /* Frameworks */ = {
			isa = PBXFrameworksBuildPhase;
			buildActionMask = 2147483647;
			files = (
			);
			runOnlyForDeploymentPostprocessing = 0;
		};
		024967A721FBFAF200F7CC1D /* Frameworks */ = {
			isa = PBXFrameworksBuildPhase;
			buildActionMask = 2147483647;
			files = (
			);
			runOnlyForDeploymentPostprocessing = 0;
		};
/* End PBXFrameworksBuildPhase section */

/* Begin PBXGroup section */
		022F227A21FBFDCA00D31C4A /* Model */ = {
			isa = PBXGroup;
			children = (
				022F226E21FBFD6A00D31C4A /* CNJVideoModel.h */,
				022F226F21FBFD6A00D31C4A /* CNJVideoModel.m */,
				02C2831F22018B58003E7F43 /* CNJPersonalModel.h */,
				02C2832022018B58003E7F43 /* CNJPersonalModel.m */,
			);
			path = Model;
			sourceTree = "<group>";
		};
		022F227B21FBFDD300D31C4A /* ViewModel */ = {
			isa = PBXGroup;
			children = (
				022F226B21FBFD5A00D31C4A /* CNJVideoViewModel.h */,
				022F226C21FBFD5A00D31C4A /* CNJVideoViewModel.m */,
				02CB106821FEA447009BB5C8 /* CNJVideoCache.h */,
				02CB106921FEA447009BB5C8 /* CNJVideoCache.m */,
			);
			path = ViewModel;
			sourceTree = "<group>";
		};
		022F227C21FBFDE200D31C4A /* View */ = {
			isa = PBXGroup;
			children = (
				022F227121FBFD7F00D31C4A /* CNJPlayView.h */,
				022F227221FBFD7F00D31C4A /* CNJPlayView.m */,
				022F227421FBFD9600D31C4A /* CNJScrollView.h */,
				022F227521FBFD9600D31C4A /* CNJScrollView.m */,
				02C28319220188D6003E7F43 /* CNJSliderView.h */,
				02C2831A220188D6003E7F43 /* CNJSliderView.m */,
				02C2831C22018938003E7F43 /* CNJVideoControlView.h */,
				02C2831D22018938003E7F43 /* CNJVideoControlView.m */,
			);
			path = View;
			sourceTree = "<group>";
		};
		022F227D21FBFDEA00D31C4A /* Controllers */ = {
			isa = PBXGroup;
			children = (
				02CB107522015101009BB5C8 /* CNJBaseViewController.h */,
				02CB107622015101009BB5C8 /* CNJBaseViewController.m */,
				024967BC21FBFB2000F7CC1D /* CNJViewController.h */,
				024967BD21FBFB2000F7CC1D /* CNJViewController.m */,
				02CB106B22014C05009BB5C8 /* CNJSearchViewController.h */,
				02CB106C22014C05009BB5C8 /* CNJSearchViewController.m */,
				02CB106E22014C1D009BB5C8 /* CNJPeasonalViewController.h */,
				02CB106F22014C1D009BB5C8 /* CNJPeasonalViewController.m */,
				02CB10782201519E009BB5C8 /* CNJPlayerViewController.h */,
				02CB10792201519E009BB5C8 /* CNJPlayerViewController.m */,
			);
			path = Controllers;
			sourceTree = "<group>";
		};
		022F227E21FC043E00D31C4A /* Network */ = {
			isa = PBXGroup;
			children = (
				02C283232201A79B003E7F43 /* GKNetworking.h */,
				02C283242201A79B003E7F43 /* GKNetworking.m */,
				02CB106621FC561C009BB5C8 /* CNJNetworkHelper.h */,
				02CB106521FC561C009BB5C8 /* CNJNetworkHelper.m */,
			);
			path = Network;
			sourceTree = "<group>";
		};
		0249677E21FBFAF100F7CC1D = {
			isa = PBXGroup;
			children = (
				0249678921FBFAF100F7CC1D /* CNJVideoView */,
				024967A221FBFAF200F7CC1D /* CNJVideoViewTests */,
				024967AD21FBFAF200F7CC1D /* CNJVideoViewUITests */,
				0249678821FBFAF100F7CC1D /* Products */,
				4B8AAB64E2F12F03AC5E64EE /* Pods */,
				09A013F01D1C6CCDBE549D0B /* Frameworks */,
			);
			sourceTree = "<group>";
		};
		0249678821FBFAF100F7CC1D /* Products */ = {
			isa = PBXGroup;
			children = (
				0249678721FBFAF100F7CC1D /* CNJVideoView.app */,
				0249679F21FBFAF200F7CC1D /* CNJVideoViewTests.xctest */,
				024967AA21FBFAF200F7CC1D /* CNJVideoViewUITests.xctest */,
			);
			name = Products;
			sourceTree = "<group>";
		};
		0249678921FBFAF100F7CC1D /* CNJVideoView */ = {
			isa = PBXGroup;
			children = (
				0249678A21FBFAF100F7CC1D /* AppDelegate.h */,
				0249678B21FBFAF100F7CC1D /* AppDelegate.m */,
				02CB107122014D0E009BB5C8 /* Player */,
				022F227E21FC043E00D31C4A /* Network */,
				022F227D21FBFDEA00D31C4A /* Controllers */,
				022F227C21FBFDE200D31C4A /* View */,
				022F227B21FBFDD300D31C4A /* ViewModel */,
				022F227A21FBFDCA00D31C4A /* Model */,
				0249679321FBFAF200F7CC1D /* Assets.xcassets */,
				0249679521FBFAF200F7CC1D /* LaunchScreen.storyboard */,
				0249679821FBFAF200F7CC1D /* Info.plist */,
				02C283222201916D003E7F43 /* PrefixHeader.pch */,
				0249679921FBFAF200F7CC1D /* main.m */,
			);
			path = CNJVideoView;
			sourceTree = "<group>";
		};
		024967A221FBFAF200F7CC1D /* CNJVideoViewTests */ = {
			isa = PBXGroup;
			children = (
				024967A321FBFAF200F7CC1D /* CNJVideoViewTests.m */,
				024967A521FBFAF200F7CC1D /* Info.plist */,
			);
			path = CNJVideoViewTests;
			sourceTree = "<group>";
		};
		024967AD21FBFAF200F7CC1D /* CNJVideoViewUITests */ = {
			isa = PBXGroup;
			children = (
				024967AE21FBFAF200F7CC1D /* CNJVideoViewUITests.m */,
				024967B021FBFAF200F7CC1D /* Info.plist */,
			);
			path = CNJVideoViewUITests;
			sourceTree = "<group>";
		};
		02CB107122014D0E009BB5C8 /* Player */ = {
			isa = PBXGroup;
			children = (
				02CB107222014D3B009BB5C8 /* CNJVideoPlayer.h */,
				02CB107322014D3B009BB5C8 /* CNJVideoPlayer.m */,
			);
			path = Player;
			sourceTree = "<group>";
		};
		09A013F01D1C6CCDBE549D0B /* Frameworks */ = {
			isa = PBXGroup;
			children = (
				02062A9796F8B7286C93436E /* libPods-CNJVideoView.a */,
			);
			name = Frameworks;
			sourceTree = "<group>";
		};
		4B8AAB64E2F12F03AC5E64EE /* Pods */ = {
			isa = PBXGroup;
			children = (
				7E4F4F6BD54306AA9F8282FB /* Pods-CNJVideoView.debug.xcconfig */,
				09455F4110D510FC41BC2AA4 /* Pods-CNJVideoView.release.xcconfig */,
			);
			name = Pods;
			sourceTree = "<group>";
		};
/* End PBXGroup section */

/* Begin PBXNativeTarget section */
		0249678621FBFAF100F7CC1D /* CNJVideoView */ = {
			isa = PBXNativeTarget;
			buildConfigurationList = 024967B321FBFAF300F7CC1D /* Build configuration list for PBXNativeTarget "CNJVideoView" */;
			buildPhases = (
				0F12AB459835E3EE0AA2D9D2 /* [CP] Check Pods Manifest.lock */,
				0249678321FBFAF100F7CC1D /* Sources */,
				0249678421FBFAF100F7CC1D /* Frameworks */,
				0249678521FBFAF100F7CC1D /* Resources */,
				AB135920AE3551A324D10291 /* [CP] Copy Pods Resources */,
			);
			buildRules = (
			);
			dependencies = (
			);
			name = CNJVideoView;
			productName = CNJVideoView;
			productReference = 0249678721FBFAF100F7CC1D /* CNJVideoView.app */;
			productType = "com.apple.product-type.application";
		};
		0249679E21FBFAF200F7CC1D /* CNJVideoViewTests */ = {
			isa = PBXNativeTarget;
			buildConfigurationList = 024967B621FBFAF300F7CC1D /* Build configuration list for PBXNativeTarget "CNJVideoViewTests" */;
			buildPhases = (
				0249679B21FBFAF200F7CC1D /* Sources */,
				0249679C21FBFAF200F7CC1D /* Frameworks */,
				0249679D21FBFAF200F7CC1D /* Resources */,
			);
			buildRules = (
			);
			dependencies = (
				024967A121FBFAF200F7CC1D /* PBXTargetDependency */,
			);
			name = CNJVideoViewTests;
			productName = CNJVideoViewTests;
			productReference = 0249679F21FBFAF200F7CC1D /* CNJVideoViewTests.xctest */;
			productType = "com.apple.product-type.bundle.unit-test";
		};
		024967A921FBFAF200F7CC1D /* CNJVideoViewUITests */ = {
			isa = PBXNativeTarget;
			buildConfigurationList = 024967B921FBFAF300F7CC1D /* Build configuration list for PBXNativeTarget "CNJVideoViewUITests" */;
			buildPhases = (
				024967A621FBFAF200F7CC1D /* Sources */,
				024967A721FBFAF200F7CC1D /* Frameworks */,
				024967A821FBFAF200F7CC1D /* Resources */,
			);
			buildRules = (
			);
			dependencies = (
				024967AC21FBFAF200F7CC1D /* PBXTargetDependency */,
			);
			name = CNJVideoViewUITests;
			productName = CNJVideoViewUITests;
			productReference = 024967AA21FBFAF200F7CC1D /* CNJVideoViewUITests.xctest */;
			productType = "com.apple.product-type.bundle.ui-testing";
		};
/* End PBXNativeTarget section */

/* Begin PBXProject section */
		0249677F21FBFAF100F7CC1D /* Project object */ = {
			isa = PBXProject;
			attributes = {
				LastUpgradeCheck = 1010;
				ORGANIZATIONNAME = alibaba;
				TargetAttributes = {
					0249678621FBFAF100F7CC1D = {
						CreatedOnToolsVersion = 10.1;
					};
					0249679E21FBFAF200F7CC1D = {
						CreatedOnToolsVersion = 10.1;
						TestTargetID = 0249678621FBFAF100F7CC1D;
					};
					024967A921FBFAF200F7CC1D = {
						CreatedOnToolsVersion = 10.1;
						TestTargetID = 0249678621FBFAF100F7CC1D;
					};
				};
			};
			buildConfigurationList = 0249678221FBFAF100F7CC1D /* Build configuration list for PBXProject "CNJVideoView" */;
			compatibilityVersion = "Xcode 9.3";
			developmentRegion = en;
			hasScannedForEncodings = 0;
			knownRegions = (
				en,
				Base,
			);
			mainGroup = 0249677E21FBFAF100F7CC1D;
			productRefGroup = 0249678821FBFAF100F7CC1D /* Products */;
			projectDirPath = "";
			projectRoot = "";
			targets = (
				0249678621FBFAF100F7CC1D /* CNJVideoView */,
				0249679E21FBFAF200F7CC1D /* CNJVideoViewTests */,
				024967A921FBFAF200F7CC1D /* CNJVideoViewUITests */,
			);
		};
/* End PBXProject section */

/* Begin PBXResourcesBuildPhase section */
		0249678521FBFAF100F7CC1D /* Resources */ = {
			isa = PBXResourcesBuildPhase;
			buildActionMask = 2147483647;
			files = (
				0249679721FBFAF200F7CC1D /* LaunchScreen.storyboard in Resources */,
				0249679421FBFAF200F7CC1D /* Assets.xcassets in Resources */,
			);
			runOnlyForDeploymentPostprocessing = 0;
		};
		0249679D21FBFAF200F7CC1D /* Resources */ = {
			isa = PBXResourcesBuildPhase;
			buildActionMask = 2147483647;
			files = (
			);
			runOnlyForDeploymentPostprocessing = 0;
		};
		024967A821FBFAF200F7CC1D /* Resources */ = {
			isa = PBXResourcesBuildPhase;
			buildActionMask = 2147483647;
			files = (
			);
			runOnlyForDeploymentPostprocessing = 0;
		};
/* End PBXResourcesBuildPhase section */

/* Begin PBXShellScriptBuildPhase section */
		0F12AB459835E3EE0AA2D9D2 /* [CP] Check Pods Manifest.lock */ = {
			isa = PBXShellScriptBuildPhase;
			buildActionMask = 2147483647;
			files = (
			);
			inputPaths = (
				"${PODS_PODFILE_DIR_PATH}/Podfile.lock",
				"${PODS_ROOT}/Manifest.lock",
			);
			name = "[CP] Check Pods Manifest.lock";
			outputPaths = (
				"$(DERIVED_FILE_DIR)/Pods-CNJVideoView-checkManifestLockResult.txt",
			);
			runOnlyForDeploymentPostprocessing = 0;
			shellPath = /bin/sh;
			shellScript = "diff \"${PODS_PODFILE_DIR_PATH}/Podfile.lock\" \"${PODS_ROOT}/Manifest.lock\" > /dev/null\nif [ $? != 0 ] ; then\n    # print error to STDERR\n    echo \"error: The sandbox is not in sync with the Podfile.lock. Run 'pod install' or update your CocoaPods installation.\" >&2\n    exit 1\nfi\n# This output is used by Xcode 'outputs' to avoid re-running this script phase.\necho \"SUCCESS\" > \"${SCRIPT_OUTPUT_FILE_0}\"\n";
			showEnvVarsInLog = 0;
		};
		AB135920AE3551A324D10291 /* [CP] Copy Pods Resources */ = {
			isa = PBXShellScriptBuildPhase;
			buildActionMask = 2147483647;
			files = (
			);
			inputPaths = (
				"${SRCROOT}/Pods/Target Support Files/Pods-CNJVideoView/Pods-CNJVideoView-resources.sh",
				"${PODS_ROOT}/GKNavigationBarViewController/GKNavigationBarViewController/GKNavigationBarViewController.bundle",
			);
			name = "[CP] Copy Pods Resources";
			outputPaths = (
				"${TARGET_BUILD_DIR}/${UNLOCALIZED_RESOURCES_FOLDER_PATH}/GKNavigationBarViewController.bundle",
			);
			runOnlyForDeploymentPostprocessing = 0;
			shellPath = /bin/sh;
			shellScript = "\"${SRCROOT}/Pods/Target Support Files/Pods-CNJVideoView/Pods-CNJVideoView-resources.sh\"\n";
			showEnvVarsInLog = 0;
		};
/* End PBXShellScriptBuildPhase section */

/* Begin PBXSourcesBuildPhase section */
		0249678321FBFAF100F7CC1D /* Sources */ = {
			isa = PBXSourcesBuildPhase;
			buildActionMask = 2147483647;
			files = (
				02CB106D22014C05009BB5C8 /* CNJSearchViewController.m in Sources */,
				022F227621FBFD9600D31C4A /* CNJScrollView.m in Sources */,
				02CB107A2201519E009BB5C8 /* CNJPlayerViewController.m in Sources */,
				02C2831B220188D6003E7F43 /* CNJSliderView.m in Sources */,
				02CB107022014C1D009BB5C8 /* CNJPeasonalViewController.m in Sources */,
				02CB106A21FEA447009BB5C8 /* CNJVideoCache.m in Sources */,
				02CB107722015101009BB5C8 /* CNJBaseViewController.m in Sources */,
				02CB106721FC561C009BB5C8 /* CNJNetworkHelper.m in Sources */,
				02CB107422014D3B009BB5C8 /* CNJVideoPlayer.m in Sources */,
				022F226D21FBFD5A00D31C4A /* CNJVideoViewModel.m in Sources */,
				0249679A21FBFAF200F7CC1D /* main.m in Sources */,
				024967BE21FBFB2000F7CC1D /* CNJViewController.m in Sources */,
				02C2832122018B58003E7F43 /* CNJPersonalModel.m in Sources */,
				02C283252201A79C003E7F43 /* GKNetworking.m in Sources */,
				0249678C21FBFAF100F7CC1D /* AppDelegate.m in Sources */,
				02C2831E22018938003E7F43 /* CNJVideoControlView.m in Sources */,
				022F227321FBFD7F00D31C4A /* CNJPlayView.m in Sources */,
				022F227021FBFD6A00D31C4A /* CNJVideoModel.m in Sources */,
			);
			runOnlyForDeploymentPostprocessing = 0;
		};
		0249679B21FBFAF200F7CC1D /* Sources */ = {
			isa = PBXSourcesBuildPhase;
			buildActionMask = 2147483647;
			files = (
				024967A421FBFAF200F7CC1D /* CNJVideoViewTests.m in Sources */,
			);
			runOnlyForDeploymentPostprocessing = 0;
		};
		024967A621FBFAF200F7CC1D /* Sources */ = {
			isa = PBXSourcesBuildPhase;
			buildActionMask = 2147483647;
			files = (
				024967AF21FBFAF200F7CC1D /* CNJVideoViewUITests.m in Sources */,
			);
			runOnlyForDeploymentPostprocessing = 0;
		};
/* End PBXSourcesBuildPhase section */

/* Begin PBXTargetDependency section */
		024967A121FBFAF200F7CC1D /* PBXTargetDependency */ = {
			isa = PBXTargetDependency;
			target = 0249678621FBFAF100F7CC1D /* CNJVideoView */;
			targetProxy = 024967A021FBFAF200F7CC1D /* PBXContainerItemProxy */;
		};
		024967AC21FBFAF200F7CC1D /* PBXTargetDependency */ = {
			isa = PBXTargetDependency;
			target = 0249678621FBFAF100F7CC1D /* CNJVideoView */;
			targetProxy = 024967AB21FBFAF200F7CC1D /* PBXContainerItemProxy */;
		};
/* End PBXTargetDependency section */

/* Begin PBXVariantGroup section */
		0249679521FBFAF200F7CC1D /* LaunchScreen.storyboard */ = {
			isa = PBXVariantGroup;
			children = (
				0249679621FBFAF200F7CC1D /* Base */,
			);
			name = LaunchScreen.storyboard;
			sourceTree = "<group>";
		};
/* End PBXVariantGroup section */

/* Begin XCBuildConfiguration section */
		024967B121FBFAF300F7CC1D /* Debug */ = {
			isa = XCBuildConfiguration;
			buildSettings = {
				ALWAYS_SEARCH_USER_PATHS = NO;
				CLANG_ANALYZER_NONNULL = YES;
				CLANG_ANALYZER_NUMBER_OBJECT_CONVERSION = YES_AGGRESSIVE;
				CLANG_CXX_LANGUAGE_STANDARD = "gnu++14";
				CLANG_CXX_LIBRARY = "libc++";
				CLANG_ENABLE_MODULES = YES;
				CLANG_ENABLE_OBJC_ARC = YES;
				CLANG_ENABLE_OBJC_WEAK = YES;
				CLANG_WARN_BLOCK_CAPTURE_AUTORELEASING = YES;
				CLANG_WARN_BOOL_CONVERSION = YES;
				CLANG_WARN_COMMA = YES;
				CLANG_WARN_CONSTANT_CONVERSION = YES;
				CLANG_WARN_DEPRECATED_OBJC_IMPLEMENTATIONS = YES;
				CLANG_WARN_DIRECT_OBJC_ISA_USAGE = YES_ERROR;
				CLANG_WARN_DOCUMENTATION_COMMENTS = YES;
				CLANG_WARN_EMPTY_BODY = YES;
				CLANG_WARN_ENUM_CONVERSION = YES;
				CLANG_WARN_INFINITE_RECURSION = YES;
				CLANG_WARN_INT_CONVERSION = YES;
				CLANG_WARN_NON_LITERAL_NULL_CONVERSION = YES;
				CLANG_WARN_OBJC_IMPLICIT_RETAIN_SELF = YES;
				CLANG_WARN_OBJC_LITERAL_CONVERSION = YES;
				CLANG_WARN_OBJC_ROOT_CLASS = YES_ERROR;
				CLANG_WARN_RANGE_LOOP_ANALYSIS = YES;
				CLANG_WARN_STRICT_PROTOTYPES = YES;
				CLANG_WARN_SUSPICIOUS_MOVE = YES;
				CLANG_WARN_UNGUARDED_AVAILABILITY = YES_AGGRESSIVE;
				CLANG_WARN_UNREACHABLE_CODE = YES;
				CLANG_WARN__DUPLICATE_METHOD_MATCH = YES;
				CODE_SIGN_IDENTITY = "iPhone Developer";
				COPY_PHASE_STRIP = NO;
				DEBUG_INFORMATION_FORMAT = dwarf;
				ENABLE_STRICT_OBJC_MSGSEND = YES;
				ENABLE_TESTABILITY = YES;
				GCC_C_LANGUAGE_STANDARD = gnu11;
				GCC_DYNAMIC_NO_PIC = NO;
				GCC_NO_COMMON_BLOCKS = YES;
				GCC_OPTIMIZATION_LEVEL = 0;
				GCC_PREPROCESSOR_DEFINITIONS = (
					"DEBUG=1",
					"$(inherited)",
				);
				GCC_WARN_64_TO_32_BIT_CONVERSION = YES;
				GCC_WARN_ABOUT_RETURN_TYPE = YES_ERROR;
				GCC_WARN_UNDECLARED_SELECTOR = YES;
				GCC_WARN_UNINITIALIZED_AUTOS = YES_AGGRESSIVE;
				GCC_WARN_UNUSED_FUNCTION = YES;
				GCC_WARN_UNUSED_VARIABLE = YES;
				IPHONEOS_DEPLOYMENT_TARGET = 12.1;
				MTL_ENABLE_DEBUG_INFO = INCLUDE_SOURCE;
				MTL_FAST_MATH = YES;
				ONLY_ACTIVE_ARCH = YES;
				SDKROOT = iphoneos;
			};
			name = Debug;
		};
		024967B221FBFAF300F7CC1D /* Release */ = {
			isa = XCBuildConfiguration;
			buildSettings = {
				ALWAYS_SEARCH_USER_PATHS = NO;
				CLANG_ANALYZER_NONNULL = YES;
				CLANG_ANALYZER_NUMBER_OBJECT_CONVERSION = YES_AGGRESSIVE;
				CLANG_CXX_LANGUAGE_STANDARD = "gnu++14";
				CLANG_CXX_LIBRARY = "libc++";
				CLANG_ENABLE_MODULES = YES;
				CLANG_ENABLE_OBJC_ARC = YES;
				CLANG_ENABLE_OBJC_WEAK = YES;
				CLANG_WARN_BLOCK_CAPTURE_AUTORELEASING = YES;
				CLANG_WARN_BOOL_CONVERSION = YES;
				CLANG_WARN_COMMA = YES;
				CLANG_WARN_CONSTANT_CONVERSION = YES;
				CLANG_WARN_DEPRECATED_OBJC_IMPLEMENTATIONS = YES;
				CLANG_WARN_DIRECT_OBJC_ISA_USAGE = YES_ERROR;
				CLANG_WARN_DOCUMENTATION_COMMENTS = YES;
				CLANG_WARN_EMPTY_BODY = YES;
				CLANG_WARN_ENUM_CONVERSION = YES;
				CLANG_WARN_INFINITE_RECURSION = YES;
				CLANG_WARN_INT_CONVERSION = YES;
				CLANG_WARN_NON_LITERAL_NULL_CONVERSION = YES;
				CLANG_WARN_OBJC_IMPLICIT_RETAIN_SELF = YES;
				CLANG_WARN_OBJC_LITERAL_CONVERSION = YES;
				CLANG_WARN_OBJC_ROOT_CLASS = YES_ERROR;
				CLANG_WARN_RANGE_LOOP_ANALYSIS = YES;
				CLANG_WARN_STRICT_PROTOTYPES = YES;
				CLANG_WARN_SUSPICIOUS_MOVE = YES;
				CLANG_WARN_UNGUARDED_AVAILABILITY = YES_AGGRESSIVE;
				CLANG_WARN_UNREACHABLE_CODE = YES;
				CLANG_WARN__DUPLICATE_METHOD_MATCH = YES;
				CODE_SIGN_IDENTITY = "iPhone Developer";
				COPY_PHASE_STRIP = NO;
				DEBUG_INFORMATION_FORMAT = "dwarf-with-dsym";
				ENABLE_NS_ASSERTIONS = NO;
				ENABLE_STRICT_OBJC_MSGSEND = YES;
				GCC_C_LANGUAGE_STANDARD = gnu11;
				GCC_NO_COMMON_BLOCKS = YES;
				GCC_WARN_64_TO_32_BIT_CONVERSION = YES;
				GCC_WARN_ABOUT_RETURN_TYPE = YES_ERROR;
				GCC_WARN_UNDECLARED_SELECTOR = YES;
				GCC_WARN_UNINITIALIZED_AUTOS = YES_AGGRESSIVE;
				GCC_WARN_UNUSED_FUNCTION = YES;
				GCC_WARN_UNUSED_VARIABLE = YES;
				IPHONEOS_DEPLOYMENT_TARGET = 12.1;
				MTL_ENABLE_DEBUG_INFO = NO;
				MTL_FAST_MATH = YES;
				SDKROOT = iphoneos;
				VALIDATE_PRODUCT = YES;
			};
			name = Release;
		};
		024967B421FBFAF300F7CC1D /* Debug */ = {
			isa = XCBuildConfiguration;
			baseConfigurationReference = 7E4F4F6BD54306AA9F8282FB /* Pods-CNJVideoView.debug.xcconfig */;
			buildSettings = {
				ASSETCATALOG_COMPILER_APPICON_NAME = AppIcon;
				CODE_SIGN_STYLE = Automatic;
				DEVELOPMENT_TEAM = 8LQ47K46NT;
				GCC_PREFIX_HEADER = CNJVideoView/PrefixHeader.pch;
				INFOPLIST_FILE = CNJVideoView/Info.plist;
				IPHONEOS_DEPLOYMENT_TARGET = 9.0;
				LD_RUNPATH_SEARCH_PATHS = (
					"$(inherited)",
					"@executable_path/Frameworks",
				);
				PRODUCT_BUNDLE_IDENTIFIER = com.alibaba.CNJVideoView;
				PRODUCT_NAME = "$(TARGET_NAME)";
				TARGETED_DEVICE_FAMILY = "1,2";
			};
			name = Debug;
		};
		024967B521FBFAF300F7CC1D /* Release */ = {
			isa = XCBuildConfiguration;
			baseConfigurationReference = 09455F4110D510FC41BC2AA4 /* Pods-CNJVideoView.release.xcconfig */;
			buildSettings = {
				ASSETCATALOG_COMPILER_APPICON_NAME = AppIcon;
				CODE_SIGN_STYLE = Automatic;
				DEVELOPMENT_TEAM = 8LQ47K46NT;
				GCC_PREFIX_HEADER = CNJVideoView/PrefixHeader.pch;
				INFOPLIST_FILE = CNJVideoView/Info.plist;
				IPHONEOS_DEPLOYMENT_TARGET = 9.0;
				LD_RUNPATH_SEARCH_PATHS = (
					"$(inherited)",
					"@executable_path/Frameworks",
				);
				PRODUCT_BUNDLE_IDENTIFIER = com.alibaba.CNJVideoView;
				PRODUCT_NAME = "$(TARGET_NAME)";
				TARGETED_DEVICE_FAMILY = "1,2";
			};
			name = Release;
		};
		024967B721FBFAF300F7CC1D /* Debug */ = {
			isa = XCBuildConfiguration;
			buildSettings = {
				BUNDLE_LOADER = "$(TEST_HOST)";
				CODE_SIGN_STYLE = Automatic;
				INFOPLIST_FILE = CNJVideoViewTests/Info.plist;
				LD_RUNPATH_SEARCH_PATHS = (
					"$(inherited)",
					"@executable_path/Frameworks",
					"@loader_path/Frameworks",
				);
				PRODUCT_BUNDLE_IDENTIFIER = com.alibaba.CNJVideoViewTests;
				PRODUCT_NAME = "$(TARGET_NAME)";
				TARGETED_DEVICE_FAMILY = "1,2";
				TEST_HOST = "$(BUILT_PRODUCTS_DIR)/CNJVideoView.app/CNJVideoView";
			};
			name = Debug;
		};
		024967B821FBFAF300F7CC1D /* Release */ = {
			isa = XCBuildConfiguration;
			buildSettings = {
				BUNDLE_LOADER = "$(TEST_HOST)";
				CODE_SIGN_STYLE = Automatic;
				INFOPLIST_FILE = CNJVideoViewTests/Info.plist;
				LD_RUNPATH_SEARCH_PATHS = (
					"$(inherited)",
					"@executable_path/Frameworks",
					"@loader_path/Frameworks",
				);
				PRODUCT_BUNDLE_IDENTIFIER = com.alibaba.CNJVideoViewTests;
				PRODUCT_NAME = "$(TARGET_NAME)";
				TARGETED_DEVICE_FAMILY = "1,2";
				TEST_HOST = "$(BUILT_PRODUCTS_DIR)/CNJVideoView.app/CNJVideoView";
			};
			name = Release;
		};
		024967BA21FBFAF300F7CC1D /* Debug */ = {
			isa = XCBuildConfiguration;
			buildSettings = {
				CODE_SIGN_STYLE = Automatic;
				INFOPLIST_FILE = CNJVideoViewUITests/Info.plist;
				LD_RUNPATH_SEARCH_PATHS = (
					"$(inherited)",
					"@executable_path/Frameworks",
					"@loader_path/Frameworks",
				);
				PRODUCT_BUNDLE_IDENTIFIER = com.alibaba.CNJVideoViewUITests;
				PRODUCT_NAME = "$(TARGET_NAME)";
				TARGETED_DEVICE_FAMILY = "1,2";
				TEST_TARGET_NAME = CNJVideoView;
			};
			name = Debug;
		};
		024967BB21FBFAF300F7CC1D /* Release */ = {
			isa = XCBuildConfiguration;
			buildSettings = {
				CODE_SIGN_STYLE = Automatic;
				INFOPLIST_FILE = CNJVideoViewUITests/Info.plist;
				LD_RUNPATH_SEARCH_PATHS = (
					"$(inherited)",
					"@executable_path/Frameworks",
					"@loader_path/Frameworks",
				);
				PRODUCT_BUNDLE_IDENTIFIER = com.alibaba.CNJVideoViewUITests;
				PRODUCT_NAME = "$(TARGET_NAME)";
				TARGETED_DEVICE_FAMILY = "1,2";
				TEST_TARGET_NAME = CNJVideoView;
			};
			name = Release;
		};
/* End XCBuildConfiguration section */

/* Begin XCConfigurationList section */
		0249678221FBFAF100F7CC1D /* Build configuration list for PBXProject "CNJVideoView" */ = {
			isa = XCConfigurationList;
			buildConfigurations = (
				024967B121FBFAF300F7CC1D /* Debug */,
				024967B221FBFAF300F7CC1D /* Release */,
			);
			defaultConfigurationIsVisible = 0;
			defaultConfigurationName = Release;
		};
		024967B321FBFAF300F7CC1D /* Build configuration list for PBXNativeTarget "CNJVideoView" */ = {
			isa = XCConfigurationList;
			buildConfigurations = (
				024967B421FBFAF300F7CC1D /* Debug */,
				024967B521FBFAF300F7CC1D /* Release */,
			);
			defaultConfigurationIsVisible = 0;
			defaultConfigurationName = Release;
		};
		024967B621FBFAF300F7CC1D /* Build configuration list for PBXNativeTarget "CNJVideoViewTests" */ = {
			isa = XCConfigurationList;
			buildConfigurations = (
				024967B721FBFAF300F7CC1D /* Debug */,
				024967B821FBFAF300F7CC1D /* Release */,
			);
			defaultConfigurationIsVisible = 0;
			defaultConfigurationName = Release;
		};
		024967B921FBFAF300F7CC1D /* Build configuration list for PBXNativeTarget "CNJVideoViewUITests" */ = {
			isa = XCConfigurationList;
			buildConfigurations = (
				024967BA21FBFAF300F7CC1D /* Debug */,
				024967BB21FBFAF300F7CC1D /* Release */,
			);
			defaultConfigurationIsVisible = 0;
			defaultConfigurationName = Release;
		};
/* End XCConfigurationList section */
	};
	rootObject = 0249677F21FBFAF100F7CC1D /* Project object */;
}
